
Microsoft Visual Studio Solution File, Format Version 12.00
# Visual Studio Version 18
VisualStudioVersion = 18.4.11626.88
MinimumVisualStudioVersion = 10.0.40219.1
Project("{FAE04EC0-301F-11D3-BF4B-00C04F79EFBC}") = "Vision_motion", "Vision_motion\Vision_motion.csproj", "{4013A2A3-60DD-4F01-8B1C-096B7168AA25}"
EndProject
Project("{FAE04EC0-301F-11D3-BF4B-00C04F79EFBC}") = "PC_Control_SEV", "..\..\New folder\PC_Control_SEV2\PC_Control_SEV\PC_Control_SEV.csproj", "{DD96687B-5465-4135-B654-A827191410CE}"
EndProject
Global
	GlobalSection(SolutionConfigurationPlatforms) = preSolution
		Debug|Any CPU = Debug|Any CPU
		Debug|x64 = Debug|x64
		Debug|x86 = Debug|x86
		Release|Any CPU = Release|Any CPU
		Release|x64 = Release|x64
		Release|x86 = Release|x86
	EndGlobalSection
	GlobalSection(ProjectConfigurationPlatforms) = postSolution
		{4013A2A3-60DD-4F01-8B1C-096B7168AA25}.Debug|Any CPU.ActiveCfg = Debug|Any CPU
		{4013A2A3-60DD-4F01-8B1C-096B7168AA25}.Debug|Any CPU.Build.0 = Debug|Any CPU
		{4013A2A3-60DD-4F01-8B1C-096B7168AA25}.Debug|x64.ActiveCfg = Debug|Any CPU
		{4013A2A3-60DD-4F01-8B1C-096B7168AA25}.Debug|x64.Build.0 = Debug|Any CPU
		{4013A2A3-60DD-4F01-8B1C-096B7168AA25}.Debug|x86.ActiveCfg = Debug|x86
		{4013A2A3-60DD-4F01-8B1C-096B7168AA25}.Debug|x86.Build.0 = Debug|x86
		{4013A2A3-60DD-4F01-8B1C-096B7168AA25}.Release|Any CPU.ActiveCfg = Release|Any CPU
		{4013A2A3-60DD-4F01-8B1C-096B7168AA25}.Release|Any CPU.Build.0 = Release|Any CPU
		{4013A2A3-60DD-4F01-8B1C-096B7168AA25}.Release|x64.ActiveCfg = Release|x64
		{4013A2A3-60DD-4F01-8B1C-096B7168AA25}.Release|x64.Build.0 = Release|x64
		{4013A2A3-60DD-4F01-8B1C-096B7168AA25}.Release|x86.ActiveCfg = Release|Any CPU
		{4013A2A3-60DD-4F01-8B1C-096B7168AA25}.Release|x86.Build.0 = Release|Any CPU
		{DD96687B-5465-4135-B654-A827191410CE}.Debug|Any CPU.ActiveCfg = Debug|Any CPU
		{DD96687B-5465-4135-B654-A827191410CE}.Debug|Any CPU.Build.0 = Debug|Any CPU
		{DD96687B-5465-4135-B654-A827191410CE}.Debug|x64.ActiveCfg = Debug|x64
		{DD96687B-5465-4135-B654-A827191410CE}.Debug|x64.Build.0 = Debug|x64
		{DD96687B-5465-4135-B654-A827191410CE}.Debug|x86.ActiveCfg = Debug|x86
		{DD96687B-5465-4135-B654-A827191410CE}.Debug|x86.Build.0 = Debug|x86
		{DD96687B-5465-4135-B654-A827191410CE}.Release|Any CPU.ActiveCfg = Release|Any CPU
		{DD96687B-5465-4135-B654-A827191410CE}.Release|Any CPU.Build.0 = Release|Any CPU
		{DD96687B-5465-4135-B654-A827191410CE}.Release|x64.ActiveCfg = Release|x64
		{DD96687B-5465-4135-B654-A827191410CE}.Release|x64.Build.0 = Release|x64
		{DD96687B-5465-4135-B654-A827191410CE}.Release|x86.ActiveCfg = Release|x86
		{DD96687B-5465-4135-B654-A827191410CE}.Release|x86.Build.0 = Release|x86
	EndGlobalSection
	GlobalSection(SolutionProperties) = preSolution
		HideSolutionNode = FALSE
	EndGlobalSection
	GlobalSection(ExtensibilityGlobals) = postSolution
		SolutionGuid = {77E01E02-20AF-4625-A8E7-2AF78145740A}
	EndGlobalSection
EndGlobal
